
Microsoft Visual Studio Solution File, Format Version 12.00
# Visual Studio Version 17
VisualStudioVersion = 17.4.33213.308
MinimumVisualStudioVersion = 10.0.40219.1
Project("{9A19103F-16F7-4668-BE54-9A1E7A4F7556}") = "SaturdayAPI", "SaturdayAPI\SaturdayAPI.csproj", "{647E4E00-A050-4608-9FF8-AC5534B72CED}"
EndProject
Project("{9A19103F-16F7-4668-BE54-9A1E7A4F7556}") = "BusinessLogic", "BusinessLogic\BusinessLogic.csproj", "{6013C0C7-9819-4AAC-A864-612C2344ABF1}"
EndProject
Project("{9A19103F-16F7-4668-BE54-9A1E7A4F7556}") = "DataAccess", "DataAccess\DataAccess.csproj", "{10E639BC-6C38-4248-9F26-DD3279B3AF3A}"
EndProject
Project("{9A19103F-16F7-4668-BE54-9A1E7A4F7556}") = "Domain", "Domain\Domain.csproj", "{8A5567D9-A7E5-47BE-9A1E-1B96E550B562}"
EndProject
Project("{2150E333-8FDC-42A3-9474-1A3956D46DE8}") = "Элементы решения", "Элементы решения", "{3319E594-593E-4BE8-85BC-147A266A16F9}"
	ProjectSection(SolutionItems) = preProject
		..\.editorconfig = ..\.editorconfig
	EndProjectSection
EndProject
Project("{9A19103F-16F7-4668-BE54-9A1E7A4F7556}") = "BusinessLogic.Tests", "BusinessLogic.Tests\BusinessLogic.Tests.csproj", "{1F12929D-19D1-46DF-9B9A-101B4ACB9039}"
EndProject
Project("{2150E333-8FDC-42A3-9474-1A3956D46DE8}") = "scr", "scr", "{FF4F88CF-62F4-4272-BCBF-89AE62D2461E}"
EndProject
Project("{2150E333-8FDC-42A3-9474-1A3956D46DE8}") = "test", "test", "{14C928C8-8721-415C-A756-E51A75F4B4EF}"
EndProject
Project("{9A19103F-16F7-4668-BE54-9A1E7A4F7556}") = "Web", "Web\Web.csproj", "{EE227C50-FE9A-43A8-8A90-C48F604C2250}"
EndProject
Global
	GlobalSection(SolutionConfigurationPlatforms) = preSolution
		Debug|Any CPU = Debug|Any CPU
		Release|Any CPU = Release|Any CPU
	EndGlobalSection
	GlobalSection(ProjectConfigurationPlatforms) = postSolution
		{647E4E00-A050-4608-9FF8-AC5534B72CED}.Debug|Any CPU.ActiveCfg = Debug|Any CPU
		{647E4E00-A050-4608-9FF8-AC5534B72CED}.Debug|Any CPU.Build.0 = Debug|Any CPU
		{647E4E00-A050-4608-9FF8-AC5534B72CED}.Release|Any CPU.ActiveCfg = Release|Any CPU
		{647E4E00-A050-4608-9FF8-AC5534B72CED}.Release|Any CPU.Build.0 = Release|Any CPU
		{6013C0C7-9819-4AAC-A864-612C2344ABF1}.Debug|Any CPU.ActiveCfg = Debug|Any CPU
		{6013C0C7-9819-4AAC-A864-612C2344ABF1}.Debug|Any CPU.Build.0 = Debug|Any CPU
		{6013C0C7-9819-4AAC-A864-612C2344ABF1}.Release|Any CPU.ActiveCfg = Release|Any CPU
		{6013C0C7-9819-4AAC-A864-612C2344ABF1}.Release|Any CPU.Build.0 = Release|Any CPU
		{10E639BC-6C38-4248-9F26-DD3279B3AF3A}.Debug|Any CPU.ActiveCfg = Debug|Any CPU
		{10E639BC-6C38-4248-9F26-DD3279B3AF3A}.Debug|Any CPU.Build.0 = Debug|Any CPU
		{10E639BC-6C38-4248-9F26-DD3279B3AF3A}.Release|Any CPU.ActiveCfg = Release|Any CPU
		{10E639BC-6C38-4248-9F26-DD3279B3AF3A}.Release|Any CPU.Build.0 = Release|Any CPU
		{8A5567D9-A7E5-47BE-9A1E-1B96E550B562}.Debug|Any CPU.ActiveCfg = Debug|Any CPU
		{8A5567D9-A7E5-47BE-9A1E-1B96E550B562}.Debug|Any CPU.Build.0 = Debug|Any CPU
		{8A5567D9-A7E5-47BE-9A1E-1B96E550B562}.Release|Any CPU.ActiveCfg = Release|Any CPU
		{8A5567D9-A7E5-47BE-9A1E-1B96E550B562}.Release|Any CPU.Build.0 = Release|Any CPU
		{1F12929D-19D1-46DF-9B9A-101B4ACB9039}.Debug|Any CPU.ActiveCfg = Debug|Any CPU
		{1F12929D-19D1-46DF-9B9A-101B4ACB9039}.Debug|Any CPU.Build.0 = Debug|Any CPU
		{1F12929D-19D1-46DF-9B9A-101B4ACB9039}.Release|Any CPU.ActiveCfg = Release|Any CPU
		{1F12929D-19D1-46DF-9B9A-101B4ACB9039}.Release|Any CPU.Build.0 = Release|Any CPU
		{EE227C50-FE9A-43A8-8A90-C48F604C2250}.Debug|Any CPU.ActiveCfg = Debug|Any CPU
		{EE227C50-FE9A-43A8-8A90-C48F604C2250}.Debug|Any CPU.Build.0 = Debug|Any CPU
		{EE227C50-FE9A-43A8-8A90-C48F604C2250}.Release|Any CPU.ActiveCfg = Release|Any CPU
		{EE227C50-FE9A-43A8-8A90-C48F604C2250}.Release|Any CPU.Build.0 = Release|Any CPU
	EndGlobalSection
	GlobalSection(SolutionProperties) = preSolution
		HideSolutionNode = FALSE
	EndGlobalSection
	GlobalSection(NestedProjects) = preSolution
		{647E4E00-A050-4608-9FF8-AC5534B72CED} = {FF4F88CF-62F4-4272-BCBF-89AE62D2461E}
		{6013C0C7-9819-4AAC-A864-612C2344ABF1} = {FF4F88CF-62F4-4272-BCBF-89AE62D2461E}
		{10E639BC-6C38-4248-9F26-DD3279B3AF3A} = {FF4F88CF-62F4-4272-BCBF-89AE62D2461E}
		{8A5567D9-A7E5-47BE-9A1E-1B96E550B562} = {FF4F88CF-62F4-4272-BCBF-89AE62D2461E}
		{1F12929D-19D1-46DF-9B9A-101B4ACB9039} = {14C928C8-8721-415C-A756-E51A75F4B4EF}
		{EE227C50-FE9A-43A8-8A90-C48F604C2250} = {FF4F88CF-62F4-4272-BCBF-89AE62D2461E}
	EndGlobalSection
	GlobalSection(ExtensibilityGlobals) = postSolution
		SolutionGuid = {2F9678CD-6620-4E72-81BA-682F6E76B0D1}
	EndGlobalSection
EndGlobal
